
Microsoft Visual Studio Solution File, Format Version 12.00
# Visual Studio Version 16
VisualStudioVersion = 16.0.29728.190
MinimumVisualStudioVersion = 10.0.40219.1
Project("{2150E333-8FDC-42A3-9474-1A3956D46DE8}") = "00-Shared", "00-Shared", "{8A42C343-8B4E-4BE1-BCC6-05EE1468B57B}"
EndProject
Project("{2150E333-8FDC-42A3-9474-1A3956D46DE8}") = "01-Domain", "01-Domain", "{B6187195-8347-4A87-8548-86D131534F1B}"
EndProject
Project("{2150E333-8FDC-42A3-9474-1A3956D46DE8}") = "02-DataAccess", "02-DataAccess", "{17293837-3C1E-4D44-B968-4F402A9B61D0}"
EndProject
Project("{2150E333-8FDC-42A3-9474-1A3956D46DE8}") = "03-Service", "03-Service", "{89ADA1BD-047E-4036-9EA5-CE345C766C85}"
EndProject
Project("{2150E333-8FDC-42A3-9474-1A3956D46DE8}") = "04-DependencyResolver", "04-DependencyResolver", "{D63B245E-44F4-4EB8-8E1E-CEF978023B86}"
EndProject
Project("{2150E333-8FDC-42A3-9474-1A3956D46DE8}") = "05-EndPoints", "05-EndPoints", "{55134684-BD76-44B9-B934-74912CD29CDC}"
EndProject
Project("{2150E333-8FDC-42A3-9474-1A3956D46DE8}") = "01-Pharmacy", "01-Pharmacy", "{EAF4B947-E3B1-4A4B-A92B-817EA847A450}"
EndProject
Project("{2150E333-8FDC-42A3-9474-1A3956D46DE8}") = "03-Notifier", "03-Notifier", "{375A224E-5014-4307-AD6A-D381350E8B64}"
EndProject
Project("{2150E333-8FDC-42A3-9474-1A3956D46DE8}") = "02-DataAccess", "02-DataAccess", "{F4DE1D4E-7AB4-4479-946E-C0CBA5F23BD2}"
EndProject
Project("{2150E333-8FDC-42A3-9474-1A3956D46DE8}") = "03-Service", "03-Service", "{50205C2B-1A23-4896-9B93-CDB4697EDBB5}"
EndProject
Project("{2150E333-8FDC-42A3-9474-1A3956D46DE8}") = "04-DependencyResolver", "04-DependencyResolver", "{899C0858-71B2-4E3A-8B74-DFF68B2A3A99}"
EndProject
Project("{2150E333-8FDC-42A3-9474-1A3956D46DE8}") = "05-EndPoints", "05-EndPoints", "{ADE1DC01-73DD-4E7E-A535-578F9D512CDF}"
EndProject
Project("{2150E333-8FDC-42A3-9474-1A3956D46DE8}") = "04-Delivery", "04-Delivery", "{F090400D-1613-4ADD-AE1E-3269182C951E}"
EndProject
Project("{2150E333-8FDC-42A3-9474-1A3956D46DE8}") = "05-EndPoints", "05-EndPoints", "{EF0DDA99-1811-4B03-A676-085412BDAC2C}"
EndProject
Project("{2150E333-8FDC-42A3-9474-1A3956D46DE8}") = "04-DependencyResolver", "04-DependencyResolver", "{F9832BCF-032D-4952-9698-9E3CA5FF711C}"
EndProject
Project("{2150E333-8FDC-42A3-9474-1A3956D46DE8}") = "03-Service", "03-Service", "{EE862D69-5C31-4DC8-AB4C-D16A9FBF0776}"
EndProject
Project("{9A19103F-16F7-4668-BE54-9A1E7A4F7556}") = "Pharmacy.Domain", "Pharmacy.Domain\Pharmacy.Domain.csproj", "{A54B0879-83FC-47C8-9259-FD2DA2474717}"
EndProject
Project("{9A19103F-16F7-4668-BE54-9A1E7A4F7556}") = "Pharmacy.DataAccess.Ef", "Pharmacy.DataAccess.Ef\Pharmacy.DataAccess.Ef.csproj", "{8B276D7F-294B-4719-8831-FAD48AD64564}"
EndProject
Project("{9A19103F-16F7-4668-BE54-9A1E7A4F7556}") = "Pharmacy.DataAccess.Dapper", "Pharmacy.DataAccess.Dapper\Pharmacy.DataAccess.Dapper.csproj", "{33704BCD-0F83-4D31-A1B4-EF7BE84E5E42}"
EndProject
Project("{9A19103F-16F7-4668-BE54-9A1E7A4F7556}") = "Pharmacy.InfraStructure", "Pharmacy.InfraStructure\Pharmacy.InfraStructure.csproj", "{6F31B728-4793-44CE-B48B-12D4C68C8628}"
EndProject
Project("{9A19103F-16F7-4668-BE54-9A1E7A4F7556}") = "Pharmacy.Service", "Pharmacy.Service\Pharmacy.Service.csproj", "{D432E506-8DE1-43B6-A60A-961B4F2CEBE2}"
EndProject
Project("{9A19103F-16F7-4668-BE54-9A1E7A4F7556}") = "Pharmacy.DependencyResolver", "Pharmacy.DependencyResolver\Pharmacy.DependencyResolver.csproj", "{0358DA17-13C0-4106-BBA1-79475F328310}"
EndProject
Project("{9A19103F-16F7-4668-BE54-9A1E7A4F7556}") = "Pharmacy.Store", "Pharmacy.Store\Pharmacy.Store.csproj", "{43C01227-183E-451C-BB86-F00D1FF4614F}"
EndProject
Project("{9A19103F-16F7-4668-BE54-9A1E7A4F7556}") = "Pharmacy.Store.Api", "Pharmacy.Store.Api\Pharmacy.Store.Api.csproj", "{9B863B00-F39D-4F14-9BF0-BC8E1B645AA6}"
EndProject
Project("{9A19103F-16F7-4668-BE54-9A1E7A4F7556}") = "Pharmacy.Dashboard", "Pharmacy.Dashboard\Pharmacy.Dashboard.csproj", "{84097312-8F9F-4CD9-B850-7872529C1E96}"
EndProject
Project("{9A19103F-16F7-4668-BE54-9A1E7A4F7556}") = "Pharmacy.Notifier.DataAccess.Dapper", "Pharmacy.Notifier.DataAccess.Dapper\Pharmacy.Notifier.DataAccess.Dapper.csproj", "{C6E846A1-198B-4D1B-9DC3-C84732745E4E}"
EndProject
Project("{9A19103F-16F7-4668-BE54-9A1E7A4F7556}") = "Pharmacy.Notifier.DataAccess.Ef", "Pharmacy.Notifier.DataAccess.Ef\Pharmacy.Notifier.DataAccess.Ef.csproj", "{6368F647-927B-4BC5-B5F1-31C191867DA7}"
EndProject
Project("{9A19103F-16F7-4668-BE54-9A1E7A4F7556}") = "Pharmacy.Notifier.Service", "Pharmacy.Notifier.Service\Pharmacy.Notifier.Service.csproj", "{18FAFBEE-E954-4707-AB72-DB50446439DF}"
EndProject
Project("{9A19103F-16F7-4668-BE54-9A1E7A4F7556}") = "Pharmacy.Notifier.DependencyResolver", "Pharmacy.Notifier.DependencyResolver\Pharmacy.Notifier.DependencyResolver.csproj", "{BF0F70FC-436C-4EC4-B370-B2186387C0CE}"
EndProject
Project("{9A19103F-16F7-4668-BE54-9A1E7A4F7556}") = "Pharmacy.Notifier", "Pharmacy.Notifier\Pharmacy.Notifier.csproj", "{540C0745-E1A0-41DE-8965-54175C3222A1}"
EndProject
Project("{9A19103F-16F7-4668-BE54-9A1E7A4F7556}") = "Pharmacy.Delivery.Service", "Pharmacy.Delivery.Service\Pharmacy.Delivery.Service.csproj", "{274BA97E-6AA2-4BB5-9959-7E8E81F53C80}"
EndProject
Project("{9A19103F-16F7-4668-BE54-9A1E7A4F7556}") = "Pharmacy.Delivery.DependencyResolver", "Pharmacy.Delivery.DependencyResolver\Pharmacy.Delivery.DependencyResolver.csproj", "{1F471121-9CEC-4301-AE70-B375D4AF10FF}"
EndProject
Project("{9A19103F-16F7-4668-BE54-9A1E7A4F7556}") = "Pharmacy.Delivery", "Pharmacy.Delivery\Pharmacy.Delivery.csproj", "{4DAA6BF8-8C2B-4391-862D-EAAE2E54502C}"
EndProject
Global
	GlobalSection(SolutionConfigurationPlatforms) = preSolution
		Debug|Any CPU = Debug|Any CPU
		Release|Any CPU = Release|Any CPU
	EndGlobalSection
	GlobalSection(ProjectConfigurationPlatforms) = postSolution
		{A54B0879-83FC-47C8-9259-FD2DA2474717}.Debug|Any CPU.ActiveCfg = Debug|Any CPU
		{A54B0879-83FC-47C8-9259-FD2DA2474717}.Debug|Any CPU.Build.0 = Debug|Any CPU
		{A54B0879-83FC-47C8-9259-FD2DA2474717}.Release|Any CPU.ActiveCfg = Release|Any CPU
		{A54B0879-83FC-47C8-9259-FD2DA2474717}.Release|Any CPU.Build.0 = Release|Any CPU
		{8B276D7F-294B-4719-8831-FAD48AD64564}.Debug|Any CPU.ActiveCfg = Debug|Any CPU
		{8B276D7F-294B-4719-8831-FAD48AD64564}.Debug|Any CPU.Build.0 = Debug|Any CPU
		{8B276D7F-294B-4719-8831-FAD48AD64564}.Release|Any CPU.ActiveCfg = Release|Any CPU
		{8B276D7F-294B-4719-8831-FAD48AD64564}.Release|Any CPU.Build.0 = Release|Any CPU
		{33704BCD-0F83-4D31-A1B4-EF7BE84E5E42}.Debug|Any CPU.ActiveCfg = Debug|Any CPU
		{33704BCD-0F83-4D31-A1B4-EF7BE84E5E42}.Debug|Any CPU.Build.0 = Debug|Any CPU
		{33704BCD-0F83-4D31-A1B4-EF7BE84E5E42}.Release|Any CPU.ActiveCfg = Release|Any CPU
		{33704BCD-0F83-4D31-A1B4-EF7BE84E5E42}.Release|Any CPU.Build.0 = Release|Any CPU
		{6F31B728-4793-44CE-B48B-12D4C68C8628}.Debug|Any CPU.ActiveCfg = Debug|Any CPU
		{6F31B728-4793-44CE-B48B-12D4C68C8628}.Debug|Any CPU.Build.0 = Debug|Any CPU
		{6F31B728-4793-44CE-B48B-12D4C68C8628}.Release|Any CPU.ActiveCfg = Release|Any CPU
		{6F31B728-4793-44CE-B48B-12D4C68C8628}.Release|Any CPU.Build.0 = Release|Any CPU
		{D432E506-8DE1-43B6-A60A-961B4F2CEBE2}.Debug|Any CPU.ActiveCfg = Debug|Any CPU
		{D432E506-8DE1-43B6-A60A-961B4F2CEBE2}.Debug|Any CPU.Build.0 = Debug|Any CPU
		{D432E506-8DE1-43B6-A60A-961B4F2CEBE2}.Release|Any CPU.ActiveCfg = Release|Any CPU
		{D432E506-8DE1-43B6-A60A-961B4F2CEBE2}.Release|Any CPU.Build.0 = Release|Any CPU
		{0358DA17-13C0-4106-BBA1-79475F328310}.Debug|Any CPU.ActiveCfg = Debug|Any CPU
		{0358DA17-13C0-4106-BBA1-79475F328310}.Debug|Any CPU.Build.0 = Debug|Any CPU
		{0358DA17-13C0-4106-BBA1-79475F328310}.Release|Any CPU.ActiveCfg = Release|Any CPU
		{0358DA17-13C0-4106-BBA1-79475F328310}.Release|Any CPU.Build.0 = Release|Any CPU
		{43C01227-183E-451C-BB86-F00D1FF4614F}.Debug|Any CPU.ActiveCfg = Debug|Any CPU
		{43C01227-183E-451C-BB86-F00D1FF4614F}.Debug|Any CPU.Build.0 = Debug|Any CPU
		{43C01227-183E-451C-BB86-F00D1FF4614F}.Release|Any CPU.ActiveCfg = Release|Any CPU
		{43C01227-183E-451C-BB86-F00D1FF4614F}.Release|Any CPU.Build.0 = Release|Any CPU
		{9B863B00-F39D-4F14-9BF0-BC8E1B645AA6}.Debug|Any CPU.ActiveCfg = Debug|Any CPU
		{9B863B00-F39D-4F14-9BF0-BC8E1B645AA6}.Debug|Any CPU.Build.0 = Debug|Any CPU
		{9B863B00-F39D-4F14-9BF0-BC8E1B645AA6}.Release|Any CPU.ActiveCfg = Release|Any CPU
		{9B863B00-F39D-4F14-9BF0-BC8E1B645AA6}.Release|Any CPU.Build.0 = Release|Any CPU
		{84097312-8F9F-4CD9-B850-7872529C1E96}.Debug|Any CPU.ActiveCfg = Debug|Any CPU
		{84097312-8F9F-4CD9-B850-7872529C1E96}.Debug|Any CPU.Build.0 = Debug|Any CPU
		{84097312-8F9F-4CD9-B850-7872529C1E96}.Release|Any CPU.ActiveCfg = Release|Any CPU
		{84097312-8F9F-4CD9-B850-7872529C1E96}.Release|Any CPU.Build.0 = Release|Any CPU
		{C6E846A1-198B-4D1B-9DC3-C84732745E4E}.Debug|Any CPU.ActiveCfg = Debug|Any CPU
		{C6E846A1-198B-4D1B-9DC3-C84732745E4E}.Debug|Any CPU.Build.0 = Debug|Any CPU
		{C6E846A1-198B-4D1B-9DC3-C84732745E4E}.Release|Any CPU.ActiveCfg = Release|Any CPU
		{C6E846A1-198B-4D1B-9DC3-C84732745E4E}.Release|Any CPU.Build.0 = Release|Any CPU
		{6368F647-927B-4BC5-B5F1-31C191867DA7}.Debug|Any CPU.ActiveCfg = Debug|Any CPU
		{6368F647-927B-4BC5-B5F1-31C191867DA7}.Debug|Any CPU.Build.0 = Debug|Any CPU
		{6368F647-927B-4BC5-B5F1-31C191867DA7}.Release|Any CPU.ActiveCfg = Release|Any CPU
		{6368F647-927B-4BC5-B5F1-31C191867DA7}.Release|Any CPU.Build.0 = Release|Any CPU
		{18FAFBEE-E954-4707-AB72-DB50446439DF}.Debug|Any CPU.ActiveCfg = Debug|Any CPU
		{18FAFBEE-E954-4707-AB72-DB50446439DF}.Debug|Any CPU.Build.0 = Debug|Any CPU
		{18FAFBEE-E954-4707-AB72-DB50446439DF}.Release|Any CPU.ActiveCfg = Release|Any CPU
		{18FAFBEE-E954-4707-AB72-DB50446439DF}.Release|Any CPU.Build.0 = Release|Any CPU
		{BF0F70FC-436C-4EC4-B370-B2186387C0CE}.Debug|Any CPU.ActiveCfg = Debug|Any CPU
		{BF0F70FC-436C-4EC4-B370-B2186387C0CE}.Debug|Any CPU.Build.0 = Debug|Any CPU
		{BF0F70FC-436C-4EC4-B370-B2186387C0CE}.Release|Any CPU.ActiveCfg = Release|Any CPU
		{BF0F70FC-436C-4EC4-B370-B2186387C0CE}.Release|Any CPU.Build.0 = Release|Any CPU
		{540C0745-E1A0-41DE-8965-54175C3222A1}.Debug|Any CPU.ActiveCfg = Debug|Any CPU
		{540C0745-E1A0-41DE-8965-54175C3222A1}.Debug|Any CPU.Build.0 = Debug|Any CPU
		{540C0745-E1A0-41DE-8965-54175C3222A1}.Release|Any CPU.ActiveCfg = Release|Any CPU
		{540C0745-E1A0-41DE-8965-54175C3222A1}.Release|Any CPU.Build.0 = Release|Any CPU
		{274BA97E-6AA2-4BB5-9959-7E8E81F53C80}.Debug|Any CPU.ActiveCfg = Debug|Any CPU
		{274BA97E-6AA2-4BB5-9959-7E8E81F53C80}.Debug|Any CPU.Build.0 = Debug|Any CPU
		{274BA97E-6AA2-4BB5-9959-7E8E81F53C80}.Release|Any CPU.ActiveCfg = Release|Any CPU
		{274BA97E-6AA2-4BB5-9959-7E8E81F53C80}.Release|Any CPU.Build.0 = Release|Any CPU
		{1F471121-9CEC-4301-AE70-B375D4AF10FF}.Debug|Any CPU.ActiveCfg = Debug|Any CPU
		{1F471121-9CEC-4301-AE70-B375D4AF10FF}.Debug|Any CPU.Build.0 = Debug|Any CPU
		{1F471121-9CEC-4301-AE70-B375D4AF10FF}.Release|Any CPU.ActiveCfg = Release|Any CPU
		{1F471121-9CEC-4301-AE70-B375D4AF10FF}.Release|Any CPU.Build.0 = Release|Any CPU
		{4DAA6BF8-8C2B-4391-862D-EAAE2E54502C}.Debug|Any CPU.ActiveCfg = Debug|Any CPU
		{4DAA6BF8-8C2B-4391-862D-EAAE2E54502C}.Debug|Any CPU.Build.0 = Debug|Any CPU
		{4DAA6BF8-8C2B-4391-862D-EAAE2E54502C}.Release|Any CPU.ActiveCfg = Release|Any CPU
		{4DAA6BF8-8C2B-4391-862D-EAAE2E54502C}.Release|Any CPU.Build.0 = Release|Any CPU
	EndGlobalSection
	GlobalSection(SolutionProperties) = preSolution
		HideSolutionNode = FALSE
	EndGlobalSection
	GlobalSection(NestedProjects) = preSolution
		{B6187195-8347-4A87-8548-86D131534F1B} = {EAF4B947-E3B1-4A4B-A92B-817EA847A450}
		{17293837-3C1E-4D44-B968-4F402A9B61D0} = {EAF4B947-E3B1-4A4B-A92B-817EA847A450}
		{89ADA1BD-047E-4036-9EA5-CE345C766C85} = {EAF4B947-E3B1-4A4B-A92B-817EA847A450}
		{D63B245E-44F4-4EB8-8E1E-CEF978023B86} = {EAF4B947-E3B1-4A4B-A92B-817EA847A450}
		{55134684-BD76-44B9-B934-74912CD29CDC} = {EAF4B947-E3B1-4A4B-A92B-817EA847A450}
		{F4DE1D4E-7AB4-4479-946E-C0CBA5F23BD2} = {375A224E-5014-4307-AD6A-D381350E8B64}
		{50205C2B-1A23-4896-9B93-CDB4697EDBB5} = {375A224E-5014-4307-AD6A-D381350E8B64}
		{899C0858-71B2-4E3A-8B74-DFF68B2A3A99} = {375A224E-5014-4307-AD6A-D381350E8B64}
		{ADE1DC01-73DD-4E7E-A535-578F9D512CDF} = {375A224E-5014-4307-AD6A-D381350E8B64}
		{EF0DDA99-1811-4B03-A676-085412BDAC2C} = {F090400D-1613-4ADD-AE1E-3269182C951E}
		{F9832BCF-032D-4952-9698-9E3CA5FF711C} = {F090400D-1613-4ADD-AE1E-3269182C951E}
		{EE862D69-5C31-4DC8-AB4C-D16A9FBF0776} = {F090400D-1613-4ADD-AE1E-3269182C951E}
		{A54B0879-83FC-47C8-9259-FD2DA2474717} = {B6187195-8347-4A87-8548-86D131534F1B}
		{8B276D7F-294B-4719-8831-FAD48AD64564} = {17293837-3C1E-4D44-B968-4F402A9B61D0}
		{33704BCD-0F83-4D31-A1B4-EF7BE84E5E42} = {17293837-3C1E-4D44-B968-4F402A9B61D0}
		{6F31B728-4793-44CE-B48B-12D4C68C8628} = {8A42C343-8B4E-4BE1-BCC6-05EE1468B57B}
		{D432E506-8DE1-43B6-A60A-961B4F2CEBE2} = {89ADA1BD-047E-4036-9EA5-CE345C766C85}
		{0358DA17-13C0-4106-BBA1-79475F328310} = {D63B245E-44F4-4EB8-8E1E-CEF978023B86}
		{43C01227-183E-451C-BB86-F00D1FF4614F} = {55134684-BD76-44B9-B934-74912CD29CDC}
		{9B863B00-F39D-4F14-9BF0-BC8E1B645AA6} = {55134684-BD76-44B9-B934-74912CD29CDC}
		{84097312-8F9F-4CD9-B850-7872529C1E96} = {55134684-BD76-44B9-B934-74912CD29CDC}
		{C6E846A1-198B-4D1B-9DC3-C84732745E4E} = {F4DE1D4E-7AB4-4479-946E-C0CBA5F23BD2}
		{6368F647-927B-4BC5-B5F1-31C191867DA7} = {F4DE1D4E-7AB4-4479-946E-C0CBA5F23BD2}
		{18FAFBEE-E954-4707-AB72-DB50446439DF} = {50205C2B-1A23-4896-9B93-CDB4697EDBB5}
		{BF0F70FC-436C-4EC4-B370-B2186387C0CE} = {899C0858-71B2-4E3A-8B74-DFF68B2A3A99}
		{540C0745-E1A0-41DE-8965-54175C3222A1} = {ADE1DC01-73DD-4E7E-A535-578F9D512CDF}
		{274BA97E-6AA2-4BB5-9959-7E8E81F53C80} = {EE862D69-5C31-4DC8-AB4C-D16A9FBF0776}
		{1F471121-9CEC-4301-AE70-B375D4AF10FF} = {F9832BCF-032D-4952-9698-9E3CA5FF711C}
		{4DAA6BF8-8C2B-4391-862D-EAAE2E54502C} = {EF0DDA99-1811-4B03-A676-085412BDAC2C}
	EndGlobalSection
	GlobalSection(ExtensibilityGlobals) = postSolution
		SolutionGuid = {DAC9AD0E-6385-4BB3-9EC8-86B29B93AA55}
	EndGlobalSection
EndGlobal
