
Microsoft Visual Studio Solution File, Format Version 12.00
# Visual Studio Version 16
VisualStudioVersion = 16.0.29728.190
MinimumVisualStudioVersion = 10.0.40219.1
Project("{2150E333-8FDC-42A3-9474-1A3956D46DE8}") = "00-Shared", "00-Shared", "{8A42C343-8B4E-4BE1-BCC6-05EE1468B57B}"
EndProject
Project("{2150E333-8FDC-42A3-9474-1A3956D46DE8}") = "01-Domain", "01-Domain", "{B6187195-8347-4A87-8548-86D131534F1B}"
EndProject
Project("{2150E333-8FDC-42A3-9474-1A3956D46DE8}") = "02-DataAccess", "02-DataAccess", "{17293837-3C1E-4D44-B968-4F402A9B61D0}"
EndProject
Project("{2150E333-8FDC-42A3-9474-1A3956D46DE8}") = "03-Service", "03-Service", "{89ADA1BD-047E-4036-9EA5-CE345C766C85}"
EndProject
Project("{2150E333-8FDC-42A3-9474-1A3956D46DE8}") = "04-DependencyResolver", "04-DependencyResolver", "{D63B245E-44F4-4EB8-8E1E-CEF978023B86}"
EndProject
Project("{2150E333-8FDC-42A3-9474-1A3956D46DE8}") = "05-EndPoints", "05-EndPoints", "{55134684-BD76-44B9-B934-74912CD29CDC}"
EndProject
Project("{2150E333-8FDC-42A3-9474-1A3956D46DE8}") = "01-Pharmacy", "01-Pharmacy", "{EAF4B947-E3B1-4A4B-A92B-817EA847A450}"
EndProject
Project("{9A19103F-16F7-4668-BE54-9A1E7A4F7556}") = "Pharmacy.Domain", "Pharmacy.Domain\Pharmacy.Domain.csproj", "{A54B0879-83FC-47C8-9259-FD2DA2474717}"
EndProject
Project("{9A19103F-16F7-4668-BE54-9A1E7A4F7556}") = "Pharmacy.DataAccess.Ef", "Pharmacy.DataAccess.Ef\Pharmacy.DataAccess.Ef.csproj", "{8B276D7F-294B-4719-8831-FAD48AD64564}"
EndProject
Project("{9A19103F-16F7-4668-BE54-9A1E7A4F7556}") = "Pharmacy.InfraStructure", "Pharmacy.InfraStructure\Pharmacy.InfraStructure.csproj", "{6F31B728-4793-44CE-B48B-12D4C68C8628}"
EndProject
Project("{9A19103F-16F7-4668-BE54-9A1E7A4F7556}") = "Pharmacy.Service", "Pharmacy.Service\Pharmacy.Service.csproj", "{D432E506-8DE1-43B6-A60A-961B4F2CEBE2}"
EndProject
Project("{9A19103F-16F7-4668-BE54-9A1E7A4F7556}") = "Pharmacy.DependencyResolver", "Pharmacy.DependencyResolver\Pharmacy.DependencyResolver.csproj", "{0358DA17-13C0-4106-BBA1-79475F328310}"
EndProject
Project("{9A19103F-16F7-4668-BE54-9A1E7A4F7556}") = "Pharmacy.API", "Pharmacy.Store.Api\Pharmacy.API.csproj", "{9B863B00-F39D-4F14-9BF0-BC8E1B645AA6}"
EndProject
Project("{9A19103F-16F7-4668-BE54-9A1E7A4F7556}") = "Pharmacy.Dashboard", "Pharmacy.Dashboard\Pharmacy.Dashboard.csproj", "{84097312-8F9F-4CD9-B850-7872529C1E96}"
EndProject
Global
	GlobalSection(SolutionConfigurationPlatforms) = preSolution
		Debug|Any CPU = Debug|Any CPU
		Release|Any CPU = Release|Any CPU
	EndGlobalSection
	GlobalSection(ProjectConfigurationPlatforms) = postSolution
		{A54B0879-83FC-47C8-9259-FD2DA2474717}.Debug|Any CPU.ActiveCfg = Debug|Any CPU
		{A54B0879-83FC-47C8-9259-FD2DA2474717}.Debug|Any CPU.Build.0 = Debug|Any CPU
		{A54B0879-83FC-47C8-9259-FD2DA2474717}.Release|Any CPU.ActiveCfg = Release|Any CPU
		{A54B0879-83FC-47C8-9259-FD2DA2474717}.Release|Any CPU.Build.0 = Release|Any CPU
		{8B276D7F-294B-4719-8831-FAD48AD64564}.Debug|Any CPU.ActiveCfg = Debug|Any CPU
		{8B276D7F-294B-4719-8831-FAD48AD64564}.Debug|Any CPU.Build.0 = Debug|Any CPU
		{8B276D7F-294B-4719-8831-FAD48AD64564}.Release|Any CPU.ActiveCfg = Release|Any CPU
		{8B276D7F-294B-4719-8831-FAD48AD64564}.Release|Any CPU.Build.0 = Release|Any CPU
		{6F31B728-4793-44CE-B48B-12D4C68C8628}.Debug|Any CPU.ActiveCfg = Debug|Any CPU
		{6F31B728-4793-44CE-B48B-12D4C68C8628}.Debug|Any CPU.Build.0 = Debug|Any CPU
		{6F31B728-4793-44CE-B48B-12D4C68C8628}.Release|Any CPU.ActiveCfg = Release|Any CPU
		{6F31B728-4793-44CE-B48B-12D4C68C8628}.Release|Any CPU.Build.0 = Release|Any CPU
		{D432E506-8DE1-43B6-A60A-961B4F2CEBE2}.Debug|Any CPU.ActiveCfg = Debug|Any CPU
		{D432E506-8DE1-43B6-A60A-961B4F2CEBE2}.Debug|Any CPU.Build.0 = Debug|Any CPU
		{D432E506-8DE1-43B6-A60A-961B4F2CEBE2}.Release|Any CPU.ActiveCfg = Release|Any CPU
		{D432E506-8DE1-43B6-A60A-961B4F2CEBE2}.Release|Any CPU.Build.0 = Release|Any CPU
		{0358DA17-13C0-4106-BBA1-79475F328310}.Debug|Any CPU.ActiveCfg = Debug|Any CPU
		{0358DA17-13C0-4106-BBA1-79475F328310}.Debug|Any CPU.Build.0 = Debug|Any CPU
		{0358DA17-13C0-4106-BBA1-79475F328310}.Release|Any CPU.ActiveCfg = Release|Any CPU
		{0358DA17-13C0-4106-BBA1-79475F328310}.Release|Any CPU.Build.0 = Release|Any CPU
		{9B863B00-F39D-4F14-9BF0-BC8E1B645AA6}.Debug|Any CPU.ActiveCfg = Debug|Any CPU
		{9B863B00-F39D-4F14-9BF0-BC8E1B645AA6}.Debug|Any CPU.Build.0 = Debug|Any CPU
		{9B863B00-F39D-4F14-9BF0-BC8E1B645AA6}.Release|Any CPU.ActiveCfg = Release|Any CPU
		{9B863B00-F39D-4F14-9BF0-BC8E1B645AA6}.Release|Any CPU.Build.0 = Release|Any CPU
		{84097312-8F9F-4CD9-B850-7872529C1E96}.Debug|Any CPU.ActiveCfg = Debug|Any CPU
		{84097312-8F9F-4CD9-B850-7872529C1E96}.Debug|Any CPU.Build.0 = Debug|Any CPU
		{84097312-8F9F-4CD9-B850-7872529C1E96}.Release|Any CPU.ActiveCfg = Release|Any CPU
		{84097312-8F9F-4CD9-B850-7872529C1E96}.Release|Any CPU.Build.0 = Release|Any CPU
	EndGlobalSection
	GlobalSection(SolutionProperties) = preSolution
		HideSolutionNode = FALSE
	EndGlobalSection
	GlobalSection(NestedProjects) = preSolution
		{B6187195-8347-4A87-8548-86D131534F1B} = {EAF4B947-E3B1-4A4B-A92B-817EA847A450}
		{17293837-3C1E-4D44-B968-4F402A9B61D0} = {EAF4B947-E3B1-4A4B-A92B-817EA847A450}
		{89ADA1BD-047E-4036-9EA5-CE345C766C85} = {EAF4B947-E3B1-4A4B-A92B-817EA847A450}
		{D63B245E-44F4-4EB8-8E1E-CEF978023B86} = {EAF4B947-E3B1-4A4B-A92B-817EA847A450}
		{55134684-BD76-44B9-B934-74912CD29CDC} = {EAF4B947-E3B1-4A4B-A92B-817EA847A450}
		{A54B0879-83FC-47C8-9259-FD2DA2474717} = {B6187195-8347-4A87-8548-86D131534F1B}
		{8B276D7F-294B-4719-8831-FAD48AD64564} = {17293837-3C1E-4D44-B968-4F402A9B61D0}
		{6F31B728-4793-44CE-B48B-12D4C68C8628} = {8A42C343-8B4E-4BE1-BCC6-05EE1468B57B}
		{D432E506-8DE1-43B6-A60A-961B4F2CEBE2} = {89ADA1BD-047E-4036-9EA5-CE345C766C85}
		{0358DA17-13C0-4106-BBA1-79475F328310} = {D63B245E-44F4-4EB8-8E1E-CEF978023B86}
		{9B863B00-F39D-4F14-9BF0-BC8E1B645AA6} = {55134684-BD76-44B9-B934-74912CD29CDC}
		{84097312-8F9F-4CD9-B850-7872529C1E96} = {55134684-BD76-44B9-B934-74912CD29CDC}
	EndGlobalSection
	GlobalSection(ExtensibilityGlobals) = postSolution
		SolutionGuid = {DAC9AD0E-6385-4BB3-9EC8-86B29B93AA55}
	EndGlobalSection
EndGlobal
